{
  "name": "hero",
  "version": "2.0.0",
  "lockfileVersion": 3,
  "requires": true,
  "packages": {
    "": {
      "name": "hero",
      "version": "2.0.0",
      "license": "GPL-3.0",
      "dependencies": {
        "seqda": "^2.1.0",
        "xid-js": "^1.0.1"
      },
      "devDependencies": {}
    },
    "node_modules/events": {
      "version": "3.3.0",
      "resolved": "https://registry.npmjs.org/events/-/events-3.3.0.tgz",
      "integrity": "sha512-mQw+2fkQbALzQ7V0MY0IqdnXNOeTtP4r0lN9z7AAawCXgqea7bDii20AYrIBrFd/Hx0M2Ocz6S111CaFkUcb0Q==",
      "license": "MIT",
      "engines": {
        "node": ">=0.8.x"
      }
    },
    "node_modules/nife": {
      "version": "1.12.1",
      "resolved": "https://registry.npmjs.org/nife/-/nife-1.12.1.tgz",
      "integrity": "sha512-uLvTzg1QYRnrggzFv29tDI6IalehXJmBfWF3jAr2WxwuNMuUYK46jQOfMmV2TIZ6Ujac/xho+Hvprvo69tJSAg==",
      "license": "MIT"
    },
    "node_modules/seqda": {
      "version": "2.1.0",
      "resolved": "https://registry.npmjs.org/seqda/-/seqda-2.1.0.tgz",
      "integrity": "sha512-62h3zawWzaj7paMLDswMRYFO7GPZfenv3Oof1n3xNoMLdMXMe9jb/JBliupCqW/zgK+Hxlk4jq27lQQZBj9YTQ==",
      "license": "MIT",
      "dependencies": {
        "events": "^3.3.0",
        "nife": "^1.8.1"
      }
    },
    "node_modules/xid-js": {
      "version": "1.0.1",
      "resolved": "https://registry.npmjs.org/xid-js/-/xid-js-1.0.1.tgz",
      "integrity": "sha512-l+rmscve/to4bbA35eOXvcSmmbLJuKOHIplc2Yz7r1drsGm7+VoCs8ahb/9weMyNkPd8xPF5HAH6surmElBTuA==",
      "license": "MIT"
    }
  }
}
